// !$*UTF8*$!
{
	archiveVersion = 1;
	classes = {
	};
	objectVersion = 56;
	objects = {

/* Begin PBXBuildFile section */
		9991864F2BC64246009321D1 /* drawerpopupApp.swift in Sources */ = {isa = PBXBuildFile; fileRef = 9991864E2BC64246009321D1 /* drawerpopupApp.swift */; };
		999186512BC64246009321D1 /* ContentView.swift in Sources */ = {isa = PBXBuildFile; fileRef = 999186502BC64246009321D1 /* ContentView.swift */; };
		999186532BC64247009321D1 /* Assets.xcassets in Resources */ = {isa = PBXBuildFile; fileRef = 999186522BC64247009321D1 /* Assets.xcassets */; };
		999186562BC64247009321D1 /* Preview Assets.xcassets in Resources */ = {isa = PBXBuildFile; fileRef = 999186552BC64247009321D1 /* Preview Assets.xcassets */; };
		999186602BC64248009321D1 /* drawerpopupTests.swift in Sources */ = {isa = PBXBuildFile; fileRef = 9991865F2BC64248009321D1 /* drawerpopupTests.swift */; };
		9991866A2BC64248009321D1 /* drawerpopupUITests.swift in Sources */ = {isa = PBXBuildFile; fileRef = 999186692BC64248009321D1 /* drawerpopupUITests.swift */; };
		9991866C2BC64248009321D1 /* drawerpopupUITestsLaunchTests.swift in Sources */ = {isa = PBXBuildFile; fileRef = 9991866B2BC64248009321D1 /* drawerpopupUITestsLaunchTests.swift */; };
/* End PBXBuildFile section */

/* Begin PBXContainerItemProxy section */
		9991865C2BC64248009321D1 /* PBXContainerItemProxy */ = {
			isa = PBXContainerItemProxy;
			containerPortal = 999186432BC64246009321D1 /* Project object */;
			proxyType = 1;
			remoteGlobalIDString = 9991864A2BC64246009321D1;
			remoteInfo = drawerpopup;
		};
		999186662BC64248009321D1 /* PBXContainerItemProxy */ = {
			isa = PBXContainerItemProxy;
			containerPortal = 999186432BC64246009321D1 /* Project object */;
			proxyType = 1;
			remoteGlobalIDString = 9991864A2BC64246009321D1;
			remoteInfo = drawerpopup;
		};
/* End PBXContainerItemProxy section */

/* Begin PBXFileReference section */
		9991864B2BC64246009321D1 /* drawerpopup.app */ = {isa = PBXFileReference; explicitFileType = wrapper.application; includeInIndex = 0; path = drawerpopup.app; sourceTree = BUILT_PRODUCTS_DIR; };
		9991864E2BC64246009321D1 /* drawerpopupApp.swift */ = {isa = PBXFileReference; lastKnownFileType = sourcecode.swift; path = drawerpopupApp.swift; sourceTree = "<group>"; };
		999186502BC64246009321D1 /* ContentView.swift */ = {isa = PBXFileReference; lastKnownFileType = sourcecode.swift; path = ContentView.swift; sourceTree = "<group>"; };
		999186522BC64247009321D1 /* Assets.xcassets */ = {isa = PBXFileReference; lastKnownFileType = folder.assetcatalog; path = Assets.xcassets; sourceTree = "<group>"; };
		999186552BC64247009321D1 /* Preview Assets.xcassets */ = {isa = PBXFileReference; lastKnownFileType = folder.assetcatalog; path = "Preview Assets.xcassets"; sourceTree = "<group>"; };
		9991865B2BC64248009321D1 /* drawerpopupTests.xctest */ = {isa = PBXFileReference; explicitFileType = wrapper.cfbundle; includeInIndex = 0; path = drawerpopupTests.xctest; sourceTree = BUILT_PRODUCTS_DIR; };
		9991865F2BC64248009321D1 /* drawerpopupTests.swift */ = {isa = PBXFileReference; lastKnownFileType = sourcecode.swift; path = drawerpopupTests.swift; sourceTree = "<group>"; };
		999186652BC64248009321D1 /* drawerpopupUITests.xctest */ = {isa = PBXFileReference; explicitFileType = wrapper.cfbundle; includeInIndex = 0; path = drawerpopupUITests.xctest; sourceTree = BUILT_PRODUCTS_DIR; };
		999186692BC64248009321D1 /* drawerpopupUITests.swift */ = {isa = PBXFileReference; lastKnownFileType = sourcecode.swift; path = drawerpopupUITests.swift; sourceTree = "<group>"; };
		9991866B2BC64248009321D1 /* drawerpopupUITestsLaunchTests.swift */ = {isa = PBXFileReference; lastKnownFileType = sourcecode.swift; path = drawerpopupUITestsLaunchTests.swift; sourceTree = "<group>"; };
/* End PBXFileReference section */

/* Begin PBXFrameworksBuildPhase section */
		999186482BC64246009321D1 /* Frameworks */ = {
			isa = PBXFrameworksBuildPhase;
			buildActionMask = 2147483647;
			files = (
			);
			runOnlyForDeploymentPostprocessing = 0;
		};
		999186582BC64248009321D1 /* Frameworks */ = {
			isa = PBXFrameworksBuildPhase;
			buildActionMask = 2147483647;
			files = (
			);
			runOnlyForDeploymentPostprocessing = 0;
		};
		999186622BC64248009321D1 /* Frameworks */ = {
			isa = PBXFrameworksBuildPhase;
			buildActionMask = 2147483647;
			files = (
			);
			runOnlyForDeploymentPostprocessing = 0;
		};
/* End PBXFrameworksBuildPhase section */

/* Begin PBXGroup section */
		999186422BC64246009321D1 = {
			isa = PBXGroup;
			children = (
				9991864D2BC64246009321D1 /* drawerpopup */,
				9991865E2BC64248009321D1 /* drawerpopupTests */,
				999186682BC64248009321D1 /* drawerpopupUITests */,
				9991864C2BC64246009321D1 /* Products */,
			);
			sourceTree = "<group>";
		};
		9991864C2BC64246009321D1 /* Products */ = {
			isa = PBXGroup;
			children = (
				9991864B2BC64246009321D1 /* drawerpopup.app */,
				9991865B2BC64248009321D1 /* drawerpopupTests.xctest */,
				999186652BC64248009321D1 /* drawerpopupUITests.xctest */,
			);
			name = Products;
			sourceTree = "<group>";
		};
		9991864D2BC64246009321D1 /* drawerpopup */ = {
			isa = PBXGroup;
			children = (
				9991864E2BC64246009321D1 /* drawerpopupApp.swift */,
				999186502BC64246009321D1 /* ContentView.swift */,
				999186522BC64247009321D1 /* Assets.xcassets */,
				999186542BC64247009321D1 /* Preview Content */,
			);
			path = drawerpopup;
			sourceTree = "<group>";
		};
		999186542BC64247009321D1 /* Preview Content */ = {
			isa = PBXGroup;
			children = (
				999186552BC64247009321D1 /* Preview Assets.xcassets */,
			);
			path = "Preview Content";
			sourceTree = "<group>";
		};
		9991865E2BC64248009321D1 /* drawerpopupTests */ = {
			isa = PBXGroup;
			children = (
				9991865F2BC64248009321D1 /* drawerpopupTests.swift */,
			);
			path = drawerpopupTests;
			sourceTree = "<group>";
		};
		999186682BC64248009321D1 /* drawerpopupUITests */ = {
			isa = PBXGroup;
			children = (
				999186692BC64248009321D1 /* drawerpopupUITests.swift */,
				9991866B2BC64248009321D1 /* drawerpopupUITestsLaunchTests.swift */,
			);
			path = drawerpopupUITests;
			sourceTree = "<group>";
		};
/* End PBXGroup section */

/* Begin PBXNativeTarget section */
		9991864A2BC64246009321D1 /* drawerpopup */ = {
			isa = PBXNativeTarget;
			buildConfigurationList = 9991866F2BC64248009321D1 /* Build configuration list for PBXNativeTarget "drawerpopup" */;
			buildPhases = (
				999186472BC64246009321D1 /* Sources */,
				999186482BC64246009321D1 /* Frameworks */,
				999186492BC64246009321D1 /* Resources */,
			);
			buildRules = (
			);
			dependencies = (
			);
			name = drawerpopup;
			productName = drawerpopup;
			productReference = 9991864B2BC64246009321D1 /* drawerpopup.app */;
			productType = "com.apple.product-type.application";
		};
		9991865A2BC64248009321D1 /* drawerpopupTests */ = {
			isa = PBXNativeTarget;
			buildConfigurationList = 999186722BC64248009321D1 /* Build configuration list for PBXNativeTarget "drawerpopupTests" */;
			buildPhases = (
				999186572BC64248009321D1 /* Sources */,
				999186582BC64248009321D1 /* Frameworks */,
				999186592BC64248009321D1 /* Resources */,
			);
			buildRules = (
			);
			dependencies = (
				9991865D2BC64248009321D1 /* PBXTargetDependency */,
			);
			name = drawerpopupTests;
			productName = drawerpopupTests;
			productReference = 9991865B2BC64248009321D1 /* drawerpopupTests.xctest */;
			productType = "com.apple.product-type.bundle.unit-test";
		};
		999186642BC64248009321D1 /* drawerpopupUITests */ = {
			isa = PBXNativeTarget;
			buildConfigurationList = 999186752BC64248009321D1 /* Build configuration list for PBXNativeTarget "drawerpopupUITests" */;
			buildPhases = (
				999186612BC64248009321D1 /* Sources */,
				999186622BC64248009321D1 /* Frameworks */,
				999186632BC64248009321D1 /* Resources */,
			);
			buildRules = (
			);
			dependencies = (
				999186672BC64248009321D1 /* PBXTargetDependency */,
			);
			name = drawerpopupUITests;
			productName = drawerpopupUITests;
			productReference = 999186652BC64248009321D1 /* drawerpopupUITests.xctest */;
			productType = "com.apple.product-type.bundle.ui-testing";
		};
/* End PBXNativeTarget section */

/* Begin PBXProject section */
		999186432BC64246009321D1 /* Project object */ = {
			isa = PBXProject;
			attributes = {
				BuildIndependentTargetsInParallel = 1;
				LastSwiftUpdateCheck = 1530;
				LastUpgradeCheck = 1530;
				TargetAttributes = {
					9991864A2BC64246009321D1 = {
						CreatedOnToolsVersion = 15.3;
					};
					9991865A2BC64248009321D1 = {
						CreatedOnToolsVersion = 15.3;
						TestTargetID = 9991864A2BC64246009321D1;
					};
					999186642BC64248009321D1 = {
						CreatedOnToolsVersion = 15.3;
						TestTargetID = 9991864A2BC64246009321D1;
					};
				};
			};
			buildConfigurationList = 999186462BC64246009321D1 /* Build configuration list for PBXProject "drawerpopup" */;
			compatibilityVersion = "Xcode 14.0";
			developmentRegion = en;
			hasScannedForEncodings = 0;
			knownRegions = (
				en,
				Base,
			);
			mainGroup = 999186422BC64246009321D1;
			productRefGroup = 9991864C2BC64246009321D1 /* Products */;
			projectDirPath = "";
			projectRoot = "";
			targets = (
				9991864A2BC64246009321D1 /* drawerpopup */,
				9991865A2BC64248009321D1 /* drawerpopupTests */,
				999186642BC64248009321D1 /* drawerpopupUITests */,
			);
		};
/* End PBXProject section */

/* Begin PBXResourcesBuildPhase section */
		999186492BC64246009321D1 /* Resources */ = {
			isa = PBXResourcesBuildPhase;
			buildActionMask = 2147483647;
			files = (
				999186562BC64247009321D1 /* Preview Assets.xcassets in Resources */,
				999186532BC64247009321D1 /* Assets.xcassets in Resources */,
			);
			runOnlyForDeploymentPostprocessing = 0;
		};
		999186592BC64248009321D1 /* Resources */ = {
			isa = PBXResourcesBuildPhase;
			buildActionMask = 2147483647;
			files = (
			);
			runOnlyForDeploymentPostprocessing = 0;
		};
		999186632BC64248009321D1 /* Resources */ = {
			isa = PBXResourcesBuildPhase;
			buildActionMask = 2147483647;
			files = (
			);
			runOnlyForDeploymentPostprocessing = 0;
		};
/* End PBXResourcesBuildPhase section */

/* Begin PBXSourcesBuildPhase section */
		999186472BC64246009321D1 /* Sources */ = {
			isa = PBXSourcesBuildPhase;
			buildActionMask = 2147483647;
			files = (
				999186512BC64246009321D1 /* ContentView.swift in Sources */,
				9991864F2BC64246009321D1 /* drawerpopupApp.swift in Sources */,
			);
			runOnlyForDeploymentPostprocessing = 0;
		};
		999186572BC64248009321D1 /* Sources */ = {
			isa = PBXSourcesBuildPhase;
			buildActionMask = 2147483647;
			files = (
				999186602BC64248009321D1 /* drawerpopupTests.swift in Sources */,
			);
			runOnlyForDeploymentPostprocessing = 0;
		};
		999186612BC64248009321D1 /* Sources */ = {
			isa = PBXSourcesBuildPhase;
			buildActionMask = 2147483647;
			files = (
				9991866C2BC64248009321D1 /* drawerpopupUITestsLaunchTests.swift in Sources */,
				9991866A2BC64248009321D1 /* drawerpopupUITests.swift in Sources */,
			);
			runOnlyForDeploymentPostprocessing = 0;
		};
/* End PBXSourcesBuildPhase section */

/* Begin PBXTargetDependency section */
		9991865D2BC64248009321D1 /* PBXTargetDependency */ = {
			isa = PBXTargetDependency;
			target = 9991864A2BC64246009321D1 /* drawerpopup */;
			targetProxy = 9991865C2BC64248009321D1 /* PBXContainerItemProxy */;
		};
		999186672BC64248009321D1 /* PBXTargetDependency */ = {
			isa = PBXTargetDependency;
			target = 9991864A2BC64246009321D1 /* drawerpopup */;
			targetProxy = 999186662BC64248009321D1 /* PBXContainerItemProxy */;
		};
/* End PBXTargetDependency section */

/* Begin XCBuildConfiguration section */
		9991866D2BC64248009321D1 /* Debug */ = {
			isa = XCBuildConfiguration;
			buildSettings = {
				ALWAYS_SEARCH_USER_PATHS = NO;
				ASSETCATALOG_COMPILER_GENERATE_SWIFT_ASSET_SYMBOL_EXTENSIONS = YES;
				CLANG_ANALYZER_NONNULL = YES;
				CLANG_ANALYZER_NUMBER_OBJECT_CONVERSION = YES_AGGRESSIVE;
				CLANG_CXX_LANGUAGE_STANDARD = "gnu++20";
				CLANG_ENABLE_MODULES = YES;
				CLANG_ENABLE_OBJC_ARC = YES;
				CLANG_ENABLE_OBJC_WEAK = YES;
				CLANG_WARN_BLOCK_CAPTURE_AUTORELEASING = YES;
				CLANG_WARN_BOOL_CONVERSION = YES;
				CLANG_WARN_COMMA = YES;
				CLANG_WARN_CONSTANT_CONVERSION = YES;
				CLANG_WARN_DEPRECATED_OBJC_IMPLEMENTATIONS = YES;
				CLANG_WARN_DIRECT_OBJC_ISA_USAGE = YES_ERROR;
				CLANG_WARN_DOCUMENTATION_COMMENTS = YES;
				CLANG_WARN_EMPTY_BODY = YES;
				CLANG_WARN_ENUM_CONVERSION = YES;
				CLANG_WARN_INFINITE_RECURSION = YES;
				CLANG_WARN_INT_CONVERSION = YES;
				CLANG_WARN_NON_LITERAL_NULL_CONVERSION = YES;
				CLANG_WARN_OBJC_IMPLICIT_RETAIN_SELF = YES;
				CLANG_WARN_OBJC_LITERAL_CONVERSION = YES;
				CLANG_WARN_OBJC_ROOT_CLASS = YES_ERROR;
				CLANG_WARN_QUOTED_INCLUDE_IN_FRAMEWORK_HEADER = YES;
				CLANG_WARN_RANGE_LOOP_ANALYSIS = YES;
				CLANG_WARN_STRICT_PROTOTYPES = YES;
				CLANG_WARN_SUSPICIOUS_MOVE = YES;
				CLANG_WARN_UNGUARDED_AVAILABILITY = YES_AGGRESSIVE;
				CLANG_WARN_UNREACHABLE_CODE = YES;
				CLANG_WARN__DUPLICATE_METHOD_MATCH = YES;
				COPY_PHASE_STRIP = NO;
				DEBUG_INFORMATION_FORMAT = dwarf;
				ENABLE_STRICT_OBJC_MSGSEND = YES;
				ENABLE_TESTABILITY = YES;
				ENABLE_USER_SCRIPT_SANDBOXING = YES;
				GCC_C_LANGUAGE_STANDARD = gnu17;
				GCC_DYNAMIC_NO_PIC = NO;
				GCC_NO_COMMON_BLOCKS = YES;
				GCC_OPTIMIZATION_LEVEL = 0;
				GCC_PREPROCESSOR_DEFINITIONS = (
					"DEBUG=1",
					"$(inherited)",
				);
				GCC_WARN_64_TO_32_BIT_CONVERSION = YES;
				GCC_WARN_ABOUT_RETURN_TYPE = YES_ERROR;
				GCC_WARN_UNDECLARED_SELECTOR = YES;
				GCC_WARN_UNINITIALIZED_AUTOS = YES_AGGRESSIVE;
				GCC_WARN_UNUSED_FUNCTION = YES;
				GCC_WARN_UNUSED_VARIABLE = YES;
				IPHONEOS_DEPLOYMENT_TARGET = 17.4;
				LOCALIZATION_PREFERS_STRING_CATALOGS = YES;
				MTL_ENABLE_DEBUG_INFO = INCLUDE_SOURCE;
				MTL_FAST_MATH = YES;
				ONLY_ACTIVE_ARCH = YES;
				SDKROOT = iphoneos;
				SWIFT_ACTIVE_COMPILATION_CONDITIONS = "DEBUG $(inherited)";
				SWIFT_OPTIMIZATION_LEVEL = "-Onone";
			};
			name = Debug;
		};
		9991866E2BC64248009321D1 /* Release */ = {
			isa = XCBuildConfiguration;
			buildSettings = {
				ALWAYS_SEARCH_USER_PATHS = NO;
				ASSETCATALOG_COMPILER_GENERATE_SWIFT_ASSET_SYMBOL_EXTENSIONS = YES;
				CLANG_ANALYZER_NONNULL = YES;
				CLANG_ANALYZER_NUMBER_OBJECT_CONVERSION = YES_AGGRESSIVE;
				CLANG_CXX_LANGUAGE_STANDARD = "gnu++20";
				CLANG_ENABLE_MODULES = YES;
				CLANG_ENABLE_OBJC_ARC = YES;
				CLANG_ENABLE_OBJC_WEAK = YES;
				CLANG_WARN_BLOCK_CAPTURE_AUTORELEASING = YES;
				CLANG_WARN_BOOL_CONVERSION = YES;
				CLANG_WARN_COMMA = YES;
				CLANG_WARN_CONSTANT_CONVERSION = YES;
				CLANG_WARN_DEPRECATED_OBJC_IMPLEMENTATIONS = YES;
				CLANG_WARN_DIRECT_OBJC_ISA_USAGE = YES_ERROR;
				CLANG_WARN_DOCUMENTATION_COMMENTS = YES;
				CLANG_WARN_EMPTY_BODY = YES;
				CLANG_WARN_ENUM_CONVERSION = YES;
				CLANG_WARN_INFINITE_RECURSION = YES;
				CLANG_WARN_INT_CONVERSION = YES;
				CLANG_WARN_NON_LITERAL_NULL_CONVERSION = YES;
				CLANG_WARN_OBJC_IMPLICIT_RETAIN_SELF = YES;
				CLANG_WARN_OBJC_LITERAL_CONVERSION = YES;
				CLANG_WARN_OBJC_ROOT_CLASS = YES_ERROR;
				CLANG_WARN_QUOTED_INCLUDE_IN_FRAMEWORK_HEADER = YES;
				CLANG_WARN_RANGE_LOOP_ANALYSIS = YES;
				CLANG_WARN_STRICT_PROTOTYPES = YES;
				CLANG_WARN_SUSPICIOUS_MOVE = YES;
				CLANG_WARN_UNGUARDED_AVAILABILITY = YES_AGGRESSIVE;
				CLANG_WARN_UNREACHABLE_CODE = YES;
				CLANG_WARN__DUPLICATE_METHOD_MATCH = YES;
				COPY_PHASE_STRIP = NO;
				DEBUG_INFORMATION_FORMAT = "dwarf-with-dsym";
				ENABLE_NS_ASSERTIONS = NO;
				ENABLE_STRICT_OBJC_MSGSEND = YES;
				ENABLE_USER_SCRIPT_SANDBOXING = YES;
				GCC_C_LANGUAGE_STANDARD = gnu17;
				GCC_NO_COMMON_BLOCKS = YES;
				GCC_WARN_64_TO_32_BIT_CONVERSION = YES;
				GCC_WARN_ABOUT_RETURN_TYPE = YES_ERROR;
				GCC_WARN_UNDECLARED_SELECTOR = YES;
				GCC_WARN_UNINITIALIZED_AUTOS = YES_AGGRESSIVE;
				GCC_WARN_UNUSED_FUNCTION = YES;
				GCC_WARN_UNUSED_VARIABLE = YES;
				IPHONEOS_DEPLOYMENT_TARGET = 17.4;
				LOCALIZATION_PREFERS_STRING_CATALOGS = YES;
				MTL_ENABLE_DEBUG_INFO = NO;
				MTL_FAST_MATH = YES;
				SDKROOT = iphoneos;
				SWIFT_COMPILATION_MODE = wholemodule;
				VALIDATE_PRODUCT = YES;
			};
			name = Release;
		};
		999186702BC64248009321D1 /* Debug */ = {
			isa = XCBuildConfiguration;
			buildSettings = {
				ASSETCATALOG_COMPILER_APPICON_NAME = AppIcon;
				ASSETCATALOG_COMPILER_GLOBAL_ACCENT_COLOR_NAME = AccentColor;
				CODE_SIGN_STYLE = Automatic;
				CURRENT_PROJECT_VERSION = 1;
				DEVELOPMENT_ASSET_PATHS = "\"drawerpopup/Preview Content\"";
				DEVELOPMENT_TEAM = QKJNPJ67XX;
				ENABLE_PREVIEWS = YES;
				GENERATE_INFOPLIST_FILE = YES;
				INFOPLIST_KEY_UIApplicationSceneManifest_Generation = YES;
				INFOPLIST_KEY_UIApplicationSupportsIndirectInputEvents = YES;
				INFOPLIST_KEY_UILaunchScreen_Generation = YES;
				INFOPLIST_KEY_UISupportedInterfaceOrientations_iPad = "UIInterfaceOrientationPortrait UIInterfaceOrientationPortraitUpsideDown UIInterfaceOrientationLandscapeLeft UIInterfaceOrientationLandscapeRight";
				INFOPLIST_KEY_UISupportedInterfaceOrientations_iPhone = "UIInterfaceOrientationPortrait UIInterfaceOrientationLandscapeLeft UIInterfaceOrientationLandscapeRight";
				LD_RUNPATH_SEARCH_PATHS = (
					"$(inherited)",
					"@executable_path/Frameworks",
				);
				MARKETING_VERSION = 1.0;
				PRODUCT_BUNDLE_IDENTIFIER = armondschneider.com.drawerpopup;
				PRODUCT_NAME = "$(TARGET_NAME)";
				SWIFT_EMIT_LOC_STRINGS = YES;
				SWIFT_VERSION = 5.0;
				TARGETED_DEVICE_FAMILY = "1,2";
			};
			name = Debug;
		};
		999186712BC64248009321D1 /* Release */ = {
			isa = XCBuildConfiguration;
			buildSettings = {
				ASSETCATALOG_COMPILER_APPICON_NAME = AppIcon;
				ASSETCATALOG_COMPILER_GLOBAL_ACCENT_COLOR_NAME = AccentColor;
				CODE_SIGN_STYLE = Automatic;
				CURRENT_PROJECT_VERSION = 1;
				DEVELOPMENT_ASSET_PATHS = "\"drawerpopup/Preview Content\"";
				DEVELOPMENT_TEAM = QKJNPJ67XX;
				ENABLE_PREVIEWS = YES;
				GENERATE_INFOPLIST_FILE = YES;
				INFOPLIST_KEY_UIApplicationSceneManifest_Generation = YES;
				INFOPLIST_KEY_UIApplicationSupportsIndirectInputEvents = YES;
				INFOPLIST_KEY_UILaunchScreen_Generation = YES;
				INFOPLIST_KEY_UISupportedInterfaceOrientations_iPad = "UIInterfaceOrientationPortrait UIInterfaceOrientationPortraitUpsideDown UIInterfaceOrientationLandscapeLeft UIInterfaceOrientationLandscapeRight";
				INFOPLIST_KEY_UISupportedInterfaceOrientations_iPhone = "UIInterfaceOrientationPortrait UIInterfaceOrientationLandscapeLeft UIInterfaceOrientationLandscapeRight";
				LD_RUNPATH_SEARCH_PATHS = (
					"$(inherited)",
					"@executable_path/Frameworks",
				);
				MARKETING_VERSION = 1.0;
				PRODUCT_BUNDLE_IDENTIFIER = armondschneider.com.drawerpopup;
				PRODUCT_NAME = "$(TARGET_NAME)";
				SWIFT_EMIT_LOC_STRINGS = YES;
				SWIFT_VERSION = 5.0;
				TARGETED_DEVICE_FAMILY = "1,2";
			};
			name = Release;
		};
		999186732BC64248009321D1 /* Debug */ = {
			isa = XCBuildConfiguration;
			buildSettings = {
				ALWAYS_EMBED_SWIFT_STANDARD_LIBRARIES = YES;
				BUNDLE_LOADER = "$(TEST_HOST)";
				CODE_SIGN_STYLE = Automatic;
				CURRENT_PROJECT_VERSION = 1;
				DEVELOPMENT_TEAM = QKJNPJ67XX;
				GENERATE_INFOPLIST_FILE = YES;
				IPHONEOS_DEPLOYMENT_TARGET = 17.4;
				MARKETING_VERSION = 1.0;
				PRODUCT_BUNDLE_IDENTIFIER = armondschneider.com.drawerpopupTests;
				PRODUCT_NAME = "$(TARGET_NAME)";
				SWIFT_EMIT_LOC_STRINGS = NO;
				SWIFT_VERSION = 5.0;
				TARGETED_DEVICE_FAMILY = "1,2";
				TEST_HOST = "$(BUILT_PRODUCTS_DIR)/drawerpopup.app/$(BUNDLE_EXECUTABLE_FOLDER_PATH)/drawerpopup";
			};
			name = Debug;
		};
		999186742BC64248009321D1 /* Release */ = {
			isa = XCBuildConfiguration;
			buildSettings = {
				ALWAYS_EMBED_SWIFT_STANDARD_LIBRARIES = YES;
				BUNDLE_LOADER = "$(TEST_HOST)";
				CODE_SIGN_STYLE = Automatic;
				CURRENT_PROJECT_VERSION = 1;
				DEVELOPMENT_TEAM = QKJNPJ67XX;
				GENERATE_INFOPLIST_FILE = YES;
				IPHONEOS_DEPLOYMENT_TARGET = 17.4;
				MARKETING_VERSION = 1.0;
				PRODUCT_BUNDLE_IDENTIFIER = armondschneider.com.drawerpopupTests;
				PRODUCT_NAME = "$(TARGET_NAME)";
				SWIFT_EMIT_LOC_STRINGS = NO;
				SWIFT_VERSION = 5.0;
				TARGETED_DEVICE_FAMILY = "1,2";
				TEST_HOST = "$(BUILT_PRODUCTS_DIR)/drawerpopup.app/$(BUNDLE_EXECUTABLE_FOLDER_PATH)/drawerpopup";
			};
			name = Release;
		};
		999186762BC64248009321D1 /* Debug */ = {
			isa = XCBuildConfiguration;
			buildSettings = {
				ALWAYS_EMBED_SWIFT_STANDARD_LIBRARIES = YES;
				CODE_SIGN_STYLE = Automatic;
				CURRENT_PROJECT_VERSION = 1;
				DEVELOPMENT_TEAM = QKJNPJ67XX;
				GENERATE_INFOPLIST_FILE = YES;
				MARKETING_VERSION = 1.0;
				PRODUCT_BUNDLE_IDENTIFIER = armondschneider.com.drawerpopupUITests;
				PRODUCT_NAME = "$(TARGET_NAME)";
				SWIFT_EMIT_LOC_STRINGS = NO;
				SWIFT_VERSION = 5.0;
				TARGETED_DEVICE_FAMILY = "1,2";
				TEST_TARGET_NAME = drawerpopup;
			};
			name = Debug;
		};
		999186772BC64248009321D1 /* Release */ = {
			isa = XCBuildConfiguration;
			buildSettings = {
				ALWAYS_EMBED_SWIFT_STANDARD_LIBRARIES = YES;
				CODE_SIGN_STYLE = Automatic;
				CURRENT_PROJECT_VERSION = 1;
				DEVELOPMENT_TEAM = QKJNPJ67XX;
				GENERATE_INFOPLIST_FILE = YES;
				MARKETING_VERSION = 1.0;
				PRODUCT_BUNDLE_IDENTIFIER = armondschneider.com.drawerpopupUITests;
				PRODUCT_NAME = "$(TARGET_NAME)";
				SWIFT_EMIT_LOC_STRINGS = NO;
				SWIFT_VERSION = 5.0;
				TARGETED_DEVICE_FAMILY = "1,2";
				TEST_TARGET_NAME = drawerpopup;
			};
			name = Release;
		};
/* End XCBuildConfiguration section */

/* Begin XCConfigurationList section */
		999186462BC64246009321D1 /* Build configuration list for PBXProject "drawerpopup" */ = {
			isa = XCConfigurationList;
			buildConfigurations = (
				9991866D2BC64248009321D1 /* Debug */,
				9991866E2BC64248009321D1 /* Release */,
			);
			defaultConfigurationIsVisible = 0;
			defaultConfigurationName = Release;
		};
		9991866F2BC64248009321D1 /* Build configuration list for PBXNativeTarget "drawerpopup" */ = {
			isa = XCConfigurationList;
			buildConfigurations = (
				999186702BC64248009321D1 /* Debug */,
				999186712BC64248009321D1 /* Release */,
			);
			defaultConfigurationIsVisible = 0;
			defaultConfigurationName = Release;
		};
		999186722BC64248009321D1 /* Build configuration list for PBXNativeTarget "drawerpopupTests" */ = {
			isa = XCConfigurationList;
			buildConfigurations = (
				999186732BC64248009321D1 /* Debug */,
				999186742BC64248009321D1 /* Release */,
			);
			defaultConfigurationIsVisible = 0;
			defaultConfigurationName = Release;
		};
		999186752BC64248009321D1 /* Build configuration list for PBXNativeTarget "drawerpopupUITests" */ = {
			isa = XCConfigurationList;
			buildConfigurations = (
				999186762BC64248009321D1 /* Debug */,
				999186772BC64248009321D1 /* Release */,
			);
			defaultConfigurationIsVisible = 0;
			defaultConfigurationName = Release;
		};
/* End XCConfigurationList section */
	};
	rootObject = 999186432BC64246009321D1 /* Project object */;
}
